
Microsoft Visual Studio Solution File, Format Version 12.00
# Visual Studio Version 17
VisualStudioVersion = 17.5.33502.453
MinimumVisualStudioVersion = 10.0.40219.1
Project("{8BC9CEB8-8B4A-11D0-8D11-00A0C91BC942}") = "CP", "CP\CP.vcxproj", "{B27F0882-2B67-498B-BF1A-9554C724157E}"
EndProject
Global
	GlobalSection(SolutionConfigurationPlatforms) = preSolution
		Debug|x64 = Debug|x64
		Debug|x86 = Debug|x86
		Release|x64 = Release|x64
		Release|x86 = Release|x86
	EndGlobalSection
	GlobalSection(ProjectConfigurationPlatforms) = postSolution
		{B27F0882-2B67-498B-BF1A-9554C724157E}.Debug|x64.ActiveCfg = Debug|x64
		{B27F0882-2B67-498B-BF1A-9554C724157E}.Debug|x64.Build.0 = Debug|x64
		{B27F0882-2B67-498B-BF1A-9554C724157E}.Debug|x86.ActiveCfg = Debug|Win32
		{B27F0882-2B67-498B-BF1A-9554C724157E}.Debug|x86.Build.0 = Debug|Win32
		{B27F0882-2B67-498B-BF1A-9554C724157E}.Release|x64.ActiveCfg = Release|x64
		{B27F0882-2B67-498B-BF1A-9554C724157E}.Release|x64.Build.0 = Release|x64
		{B27F0882-2B67-498B-BF1A-9554C724157E}.Release|x86.ActiveCfg = Release|Win32
		{B27F0882-2B67-498B-BF1A-9554C724157E}.Release|x86.Build.0 = Release|Win32
	EndGlobalSection
	GlobalSection(SolutionProperties) = preSolution
		HideSolutionNode = FALSE
	EndGlobalSection
	GlobalSection(ExtensibilityGlobals) = postSolution
		SolutionGuid = {62F1002D-91C2-4ACC-8395-801223D223AC}
	EndGlobalSection
EndGlobal
